
Microsoft Visual Studio Solution File, Format Version 12.00
# Visual Studio Version 17
VisualStudioVersion = 17.5.33627.172
MinimumVisualStudioVersion = 10.0.40219.1
Project("{9A19103F-16F7-4668-BE54-9A1E7A4F7556}") = "web Api", "web Api\web Api.csproj", "{1A39C2C0-1EB5-4D73-9A6E-6B31009E02BF}"
EndProject
Project("{9A19103F-16F7-4668-BE54-9A1E7A4F7556}") = "infrastructure", "infrastructure\infrastructure.csproj", "{17144F70-1E88-407C-83FD-132487E808C7}"
EndProject
Project("{9A19103F-16F7-4668-BE54-9A1E7A4F7556}") = "domain", "domain\domain.csproj", "{24487591-8FE0-4049-BC46-869D56C72B6B}"
EndProject
Project("{E53339B2-1760-4266-BCC7-CA923CBCF16C}") = "docker-compose", "docker-compose.dcproj", "{6F33B51A-1F28-47CB-B37C-E8782E5AFBB0}"
EndProject
Global
	GlobalSection(SolutionConfigurationPlatforms) = preSolution
		Debug|Any CPU = Debug|Any CPU
		Release|Any CPU = Release|Any CPU
	EndGlobalSection
	GlobalSection(ProjectConfigurationPlatforms) = postSolution
		{1A39C2C0-1EB5-4D73-9A6E-6B31009E02BF}.Debug|Any CPU.ActiveCfg = Debug|Any CPU
		{1A39C2C0-1EB5-4D73-9A6E-6B31009E02BF}.Debug|Any CPU.Build.0 = Debug|Any CPU
		{1A39C2C0-1EB5-4D73-9A6E-6B31009E02BF}.Release|Any CPU.ActiveCfg = Release|Any CPU
		{1A39C2C0-1EB5-4D73-9A6E-6B31009E02BF}.Release|Any CPU.Build.0 = Release|Any CPU
		{17144F70-1E88-407C-83FD-132487E808C7}.Debug|Any CPU.ActiveCfg = Debug|Any CPU
		{17144F70-1E88-407C-83FD-132487E808C7}.Debug|Any CPU.Build.0 = Debug|Any CPU
		{17144F70-1E88-407C-83FD-132487E808C7}.Release|Any CPU.ActiveCfg = Release|Any CPU
		{17144F70-1E88-407C-83FD-132487E808C7}.Release|Any CPU.Build.0 = Release|Any CPU
		{24487591-8FE0-4049-BC46-869D56C72B6B}.Debug|Any CPU.ActiveCfg = Debug|Any CPU
		{24487591-8FE0-4049-BC46-869D56C72B6B}.Debug|Any CPU.Build.0 = Debug|Any CPU
		{24487591-8FE0-4049-BC46-869D56C72B6B}.Release|Any CPU.ActiveCfg = Release|Any CPU
		{24487591-8FE0-4049-BC46-869D56C72B6B}.Release|Any CPU.Build.0 = Release|Any CPU
		{6F33B51A-1F28-47CB-B37C-E8782E5AFBB0}.Debug|Any CPU.ActiveCfg = Debug|Any CPU
		{6F33B51A-1F28-47CB-B37C-E8782E5AFBB0}.Debug|Any CPU.Build.0 = Debug|Any CPU
		{6F33B51A-1F28-47CB-B37C-E8782E5AFBB0}.Release|Any CPU.ActiveCfg = Release|Any CPU
		{6F33B51A-1F28-47CB-B37C-E8782E5AFBB0}.Release|Any CPU.Build.0 = Release|Any CPU
	EndGlobalSection
	GlobalSection(SolutionProperties) = preSolution
		HideSolutionNode = FALSE
	EndGlobalSection
	GlobalSection(ExtensibilityGlobals) = postSolution
		SolutionGuid = {4E6CD272-E94C-49F3-A9BD-E28F5F2E073B}
	EndGlobalSection
EndGlobal
